{
  "originHash" : "20ac758e4e48cf3c91bc961d4d015b93c34d95cb938419a2706c4b05f46b4d0c",
  "pins" : [
    {
      "identity" : "swift-semver",
      "kind" : "remoteSourceControl",
      "location" : "https://github.com/swift-library/swift-semver",
      "state" : {
        "revision" : "0e197d14e03340226e63e7ea851a6004531368d8",
        "version" : "0.1.0"
      }
    }
  ],
  "version" : 3
}
